
Microsoft Visual Studio Solution File, Format Version 12.00
Project("{FAE04EC0-301F-11D3-BF4B-00C04F79EFBC}") = "WebApplication", "WebApplication\WebApplication.csproj", "{86260875-1E41-4487-A321-461BDAD34661}"
EndProject
Project("{FAE04EC0-301F-11D3-BF4B-00C04F79EFBC}") = "BlazorApplication", "BlazorApplication\BlazorApplication.csproj", "{A451EB02-BBB7-4986-A24A-2823240189B9}"
EndProject
Global
	GlobalSection(SolutionConfigurationPlatforms) = preSolution
		Debug|Any CPU = Debug|Any CPU
		Release|Any CPU = Release|Any CPU
	EndGlobalSection
	GlobalSection(ProjectConfigurationPlatforms) = postSolution
		{86260875-1E41-4487-A321-461BDAD34661}.Debug|Any CPU.ActiveCfg = Debug|Any CPU
		{86260875-1E41-4487-A321-461BDAD34661}.Debug|Any CPU.Build.0 = Debug|Any CPU
		{86260875-1E41-4487-A321-461BDAD34661}.Release|Any CPU.ActiveCfg = Release|Any CPU
		{86260875-1E41-4487-A321-461BDAD34661}.Release|Any CPU.Build.0 = Release|Any CPU
		{A451EB02-BBB7-4986-A24A-2823240189B9}.Debug|Any CPU.ActiveCfg = Debug|Any CPU
		{A451EB02-BBB7-4986-A24A-2823240189B9}.Debug|Any CPU.Build.0 = Debug|Any CPU
		{A451EB02-BBB7-4986-A24A-2823240189B9}.Release|Any CPU.ActiveCfg = Release|Any CPU
		{A451EB02-BBB7-4986-A24A-2823240189B9}.Release|Any CPU.Build.0 = Release|Any CPU
	EndGlobalSection
EndGlobal
